
Microsoft Visual Studio Solution File, Format Version 12.00
# Visual Studio 15
VisualStudioVersion = 15.0.28307.421
MinimumVisualStudioVersion = 10.0.40219.1
Project("{FAE04EC0-301F-11D3-BF4B-00C04F79EFBC}") = "WebAPiGamachicas.com", "WebAPiGamachicas.com\WebAPiGamachicas.com.csproj", "{30BB396B-1C41-46CB-9F2F-0892B0DC775B}"
EndProject
Global
	GlobalSection(SolutionConfigurationPlatforms) = preSolution
		Debug|Any CPU = Debug|Any CPU
		Release|Any CPU = Release|Any CPU
	EndGlobalSection
	GlobalSection(ProjectConfigurationPlatforms) = postSolution
		{30BB396B-1C41-46CB-9F2F-0892B0DC775B}.Debug|Any CPU.ActiveCfg = Debug|Any CPU
		{30BB396B-1C41-46CB-9F2F-0892B0DC775B}.Debug|Any CPU.Build.0 = Debug|Any CPU
		{30BB396B-1C41-46CB-9F2F-0892B0DC775B}.Release|Any CPU.ActiveCfg = Release|Any CPU
		{30BB396B-1C41-46CB-9F2F-0892B0DC775B}.Release|Any CPU.Build.0 = Release|Any CPU
	EndGlobalSection
	GlobalSection(SolutionProperties) = preSolution
		HideSolutionNode = FALSE
	EndGlobalSection
	GlobalSection(ExtensibilityGlobals) = postSolution
		SolutionGuid = {41F2DFF9-F4F7-4C3E-8FFC-AE9A2A892458}
	EndGlobalSection
EndGlobal
